
Microsoft Visual Studio Solution File, Format Version 12.00
# Visual Studio Version 16
VisualStudioVersion = 16.0.31613.86
MinimumVisualStudioVersion = 10.0.40219.1
Project("{8BC9CEB8-8B4A-11D0-8D11-00A0C91BC942}") = "Minesweeper", "Minesweeper\Minesweeper.vcxproj", "{CD693708-9E46-44C5-B2A3-AF42AD688E72}"
EndProject
Global
	GlobalSection(SolutionConfigurationPlatforms) = preSolution
		Debug|x64 = Debug|x64
		Debug|x86 = Debug|x86
		Release|x64 = Release|x64
		Release|x86 = Release|x86
	EndGlobalSection
	GlobalSection(ProjectConfigurationPlatforms) = postSolution
		{CD693708-9E46-44C5-B2A3-AF42AD688E72}.Debug|x64.ActiveCfg = Debug|x64
		{CD693708-9E46-44C5-B2A3-AF42AD688E72}.Debug|x64.Build.0 = Debug|x64
		{CD693708-9E46-44C5-B2A3-AF42AD688E72}.Debug|x86.ActiveCfg = Debug|Win32
		{CD693708-9E46-44C5-B2A3-AF42AD688E72}.Debug|x86.Build.0 = Debug|Win32
		{CD693708-9E46-44C5-B2A3-AF42AD688E72}.Release|x64.ActiveCfg = Release|x64
		{CD693708-9E46-44C5-B2A3-AF42AD688E72}.Release|x64.Build.0 = Release|x64
		{CD693708-9E46-44C5-B2A3-AF42AD688E72}.Release|x86.ActiveCfg = Release|Win32
		{CD693708-9E46-44C5-B2A3-AF42AD688E72}.Release|x86.Build.0 = Release|Win32
	EndGlobalSection
	GlobalSection(SolutionProperties) = preSolution
		HideSolutionNode = FALSE
	EndGlobalSection
	GlobalSection(ExtensibilityGlobals) = postSolution
		SolutionGuid = {661B9B0D-F474-4658-9D68-CA946048B5F1}
	EndGlobalSection
EndGlobal
